
Microsoft Visual Studio Solution File, Format Version 12.00
# Visual Studio Version 16
VisualStudioVersion = 16.0.31112.23
MinimumVisualStudioVersion = 10.0.40219.1
Project("{9A19103F-16F7-4668-BE54-9A1E7A4F7556}") = "not-a-google-drive-backend", "not-a-google-drive-backend\not-a-google-drive-backend.csproj", "{0B727879-DA78-4350-8068-C1CC9EDF1F31}"
EndProject
Project("{9A19103F-16F7-4668-BE54-9A1E7A4F7556}") = "DatabaseModule", "DatabaseModule\DatabaseModule.csproj", "{DCF1E5DD-7ACF-4C27-B894-740825550145}"
EndProject
Project("{9A19103F-16F7-4668-BE54-9A1E7A4F7556}") = "UnitTests", "UnitTests\UnitTests.csproj", "{730B9A2D-AFA3-491F-AAEE-E90D7F7F30C1}"
EndProject
Project("{2150E333-8FDC-42A3-9474-1A3956D46DE8}") = "Solution Items", "Solution Items", "{958DE227-8746-4E03-9962-DB9C36446BE6}"
	ProjectSection(SolutionItems) = preProject
		Dockerfile = Dockerfile
	EndProjectSection
EndProject
Global
	GlobalSection(SolutionConfigurationPlatforms) = preSolution
		Debug|Any CPU = Debug|Any CPU
		Release|Any CPU = Release|Any CPU
	EndGlobalSection
	GlobalSection(ProjectConfigurationPlatforms) = postSolution
		{0B727879-DA78-4350-8068-C1CC9EDF1F31}.Debug|Any CPU.ActiveCfg = Debug|Any CPU
		{0B727879-DA78-4350-8068-C1CC9EDF1F31}.Debug|Any CPU.Build.0 = Debug|Any CPU
		{0B727879-DA78-4350-8068-C1CC9EDF1F31}.Release|Any CPU.ActiveCfg = Release|Any CPU
		{0B727879-DA78-4350-8068-C1CC9EDF1F31}.Release|Any CPU.Build.0 = Release|Any CPU
		{DCF1E5DD-7ACF-4C27-B894-740825550145}.Debug|Any CPU.ActiveCfg = Debug|Any CPU
		{DCF1E5DD-7ACF-4C27-B894-740825550145}.Debug|Any CPU.Build.0 = Debug|Any CPU
		{DCF1E5DD-7ACF-4C27-B894-740825550145}.Release|Any CPU.ActiveCfg = Release|Any CPU
		{DCF1E5DD-7ACF-4C27-B894-740825550145}.Release|Any CPU.Build.0 = Release|Any CPU
		{730B9A2D-AFA3-491F-AAEE-E90D7F7F30C1}.Debug|Any CPU.ActiveCfg = Debug|Any CPU
		{730B9A2D-AFA3-491F-AAEE-E90D7F7F30C1}.Debug|Any CPU.Build.0 = Debug|Any CPU
		{730B9A2D-AFA3-491F-AAEE-E90D7F7F30C1}.Release|Any CPU.ActiveCfg = Release|Any CPU
		{730B9A2D-AFA3-491F-AAEE-E90D7F7F30C1}.Release|Any CPU.Build.0 = Release|Any CPU
	EndGlobalSection
	GlobalSection(SolutionProperties) = preSolution
		HideSolutionNode = FALSE
	EndGlobalSection
	GlobalSection(ExtensibilityGlobals) = postSolution
		SolutionGuid = {1AD89C9B-381E-41EC-9862-003AB41382AD}
	EndGlobalSection
EndGlobal
